hash: a79a322136a139ac731e0734df5b70a2b680656c8d44dbac8ad74da365186998
updated: 2017-12-06T13:29:28.439126194+01:00
imports:
- name: github.com/efigence/go-libs
  version: 5b2936a0c2a1acec53f31426a548eff605b92aa9
  subpackages:
  - ewma
- name: github.com/rcrowley/go-metrics
  version: e181e095bae94582363434144c61a9653aff6e50
testImports:
- name: github.com/gopherjs/gopherjs
  version: 444abdf920945de5d4a977b572bcc6c674d1e4eb
  subpackages:
  - js
- name: github.com/jtolds/gls
  version: 77f18212c9c7edc9bd6a33d383a7b545ce62f064
- name: github.com/smartystreets/assertions
  version: 0b37b35ec7434b77e77a4bb29b79677cced992ea
  subpackages:
  - internal/go-render/render
  - internal/oglematchers
- name: github.com/smartystreets/goconvey
  version: e5b2b7c9111590d019a696c7800593f666e1a7f4
  subpackages:
  - convey
  - convey/reporting
  - convey/gotest
